
Microsoft Visual Studio Solution File, Format Version 12.00
# Visual Studio Version 17
VisualStudioVersion = 17.7.34202.233
MinimumVisualStudioVersion = 10.0.40219.1
Project("{FAE04EC0-301F-11D3-BF4B-00C04F79EFBC}") = "File Corrupter", "File Corrupter\File Corrupter.csproj", "{2E2E5D44-5493-4061-BCE8-7D92E86D05E5}"
EndProject
Global
	GlobalSection(SolutionConfigurationPlatforms) = preSolution
		Debug|Any CPU = Debug|Any CPU
		Release|Any CPU = Release|Any CPU
	EndGlobalSection
	GlobalSection(ProjectConfigurationPlatforms) = postSolution
		{2E2E5D44-5493-4061-BCE8-7D92E86D05E5}.Debug|Any CPU.ActiveCfg = Debug|Any CPU
		{2E2E5D44-5493-4061-BCE8-7D92E86D05E5}.Debug|Any CPU.Build.0 = Debug|Any CPU
		{2E2E5D44-5493-4061-BCE8-7D92E86D05E5}.Release|Any CPU.ActiveCfg = Release|Any CPU
		{2E2E5D44-5493-4061-BCE8-7D92E86D05E5}.Release|Any CPU.Build.0 = Release|Any CPU
	EndGlobalSection
	GlobalSection(SolutionProperties) = preSolution
		HideSolutionNode = FALSE
	EndGlobalSection
	GlobalSection(ExtensibilityGlobals) = postSolution
		SolutionGuid = {85DA4AB9-AA85-4E3D-9C81-EDC34024C174}
	EndGlobalSection
EndGlobal
